{
  "name": "fishgame-godot-tutarial",
  "version": "1.0.0",
  "lockfileVersion": 1,
  "requires": true,
  "dependencies": {
    "marked": {
      "version": "1.2.7",
      "resolved": "https://registry.npmjs.org/marked/-/marked-1.2.7.tgz",
      "integrity": "sha512-No11hFYcXr/zkBvL6qFmAp1z6BKY3zqLMHny/JN/ey+al7qwCM2+CMBL9BOgqMxZU36fz4cCWfn2poWIf7QRXA=="
    }
  }
}
